
Microsoft Visual Studio Solution File, Format Version 12.00
# Visual Studio Version 17
VisualStudioVersion = 17.9.34622.214
MinimumVisualStudioVersion = 10.0.40219.1
Project("{9A19103F-16F7-4668-BE54-9A1E7A4F7556}") = "API", "API\API.csproj", "{B0E75C61-22F0-4A83-A2DE-3E40AB91CC47}"
EndProject
Project("{9A19103F-16F7-4668-BE54-9A1E7A4F7556}") = "Data", "Data\Data.csproj", "{4D0C508C-63D3-4DA3-87FD-D0AD07E5F2DB}"
EndProject
Project("{9A19103F-16F7-4668-BE54-9A1E7A4F7556}") = "Models", "Models\Models.csproj", "{22E3DC1B-9CA8-4E22-8026-0423A49B32FF}"
EndProject
Project("{FAE04EC0-301F-11D3-BF4B-00C04F79EFBC}") = "Utilities", "Utilities\Utilities.csproj", "{4086625F-E5A5-49ED-8285-0D75517EE0B2}"
EndProject
Project("{FAE04EC0-301F-11D3-BF4B-00C04F79EFBC}") = "BLL", "BLL\BLL.csproj", "{415E1481-E0EB-46AA-A244-A1C576184415}"
EndProject
Global
	GlobalSection(SolutionConfigurationPlatforms) = preSolution
		Debug|Any CPU = Debug|Any CPU
		Release|Any CPU = Release|Any CPU
	EndGlobalSection
	GlobalSection(ProjectConfigurationPlatforms) = postSolution
		{B0E75C61-22F0-4A83-A2DE-3E40AB91CC47}.Debug|Any CPU.ActiveCfg = Debug|Any CPU
		{B0E75C61-22F0-4A83-A2DE-3E40AB91CC47}.Debug|Any CPU.Build.0 = Debug|Any CPU
		{B0E75C61-22F0-4A83-A2DE-3E40AB91CC47}.Release|Any CPU.ActiveCfg = Release|Any CPU
		{B0E75C61-22F0-4A83-A2DE-3E40AB91CC47}.Release|Any CPU.Build.0 = Release|Any CPU
		{4D0C508C-63D3-4DA3-87FD-D0AD07E5F2DB}.Debug|Any CPU.ActiveCfg = Debug|Any CPU
		{4D0C508C-63D3-4DA3-87FD-D0AD07E5F2DB}.Debug|Any CPU.Build.0 = Debug|Any CPU
		{4D0C508C-63D3-4DA3-87FD-D0AD07E5F2DB}.Release|Any CPU.ActiveCfg = Release|Any CPU
		{4D0C508C-63D3-4DA3-87FD-D0AD07E5F2DB}.Release|Any CPU.Build.0 = Release|Any CPU
		{22E3DC1B-9CA8-4E22-8026-0423A49B32FF}.Debug|Any CPU.ActiveCfg = Debug|Any CPU
		{22E3DC1B-9CA8-4E22-8026-0423A49B32FF}.Debug|Any CPU.Build.0 = Debug|Any CPU
		{22E3DC1B-9CA8-4E22-8026-0423A49B32FF}.Release|Any CPU.ActiveCfg = Release|Any CPU
		{22E3DC1B-9CA8-4E22-8026-0423A49B32FF}.Release|Any CPU.Build.0 = Release|Any CPU
		{4086625F-E5A5-49ED-8285-0D75517EE0B2}.Debug|Any CPU.ActiveCfg = Debug|Any CPU
		{4086625F-E5A5-49ED-8285-0D75517EE0B2}.Debug|Any CPU.Build.0 = Debug|Any CPU
		{4086625F-E5A5-49ED-8285-0D75517EE0B2}.Release|Any CPU.ActiveCfg = Release|Any CPU
		{4086625F-E5A5-49ED-8285-0D75517EE0B2}.Release|Any CPU.Build.0 = Release|Any CPU
		{415E1481-E0EB-46AA-A244-A1C576184415}.Debug|Any CPU.ActiveCfg = Debug|Any CPU
		{415E1481-E0EB-46AA-A244-A1C576184415}.Debug|Any CPU.Build.0 = Debug|Any CPU
		{415E1481-E0EB-46AA-A244-A1C576184415}.Release|Any CPU.ActiveCfg = Release|Any CPU
		{415E1481-E0EB-46AA-A244-A1C576184415}.Release|Any CPU.Build.0 = Release|Any CPU
	EndGlobalSection
	GlobalSection(SolutionProperties) = preSolution
		HideSolutionNode = FALSE
	EndGlobalSection
	GlobalSection(ExtensibilityGlobals) = postSolution
		SolutionGuid = {3EF15D09-BBCF-4C96-8808-127F2DAF4799}
	EndGlobalSection
EndGlobal
